
Microsoft Visual Studio Solution File, Format Version 12.00
# Visual Studio Version 16
VisualStudioVersion = 16.0.30804.86
MinimumVisualStudioVersion = 10.0.40219.1
Project("{9A19103F-16F7-4668-BE54-9A1E7A4F7556}") = "Domain", "Domain\Domain.csproj", "{2BA1919B-A5AB-4DE1-85E1-C53B87E70332}"
EndProject
Project("{9A19103F-16F7-4668-BE54-9A1E7A4F7556}") = "Persistence", "Persistence\Persistence.csproj", "{32B7868B-08FD-4EEC-A7A8-8D7BA5895820}"
EndProject
Project("{9A19103F-16F7-4668-BE54-9A1E7A4F7556}") = "Application", "Application\Application.csproj", "{81551294-6DDC-4E77-A137-8A5CAE04A956}"
EndProject
Project("{FAE04EC0-301F-11D3-BF4B-00C04F79EFBC}") = "API", "API\API.csproj", "{76C17D4B-387C-4084-9FEF-7ED3DEC6BDCF}"
EndProject
Global
	GlobalSection(SolutionConfigurationPlatforms) = preSolution
		Debug|Any CPU = Debug|Any CPU
		Release|Any CPU = Release|Any CPU
	EndGlobalSection
	GlobalSection(ProjectConfigurationPlatforms) = postSolution
		{2BA1919B-A5AB-4DE1-85E1-C53B87E70332}.Debug|Any CPU.ActiveCfg = Debug|Any CPU
		{2BA1919B-A5AB-4DE1-85E1-C53B87E70332}.Debug|Any CPU.Build.0 = Debug|Any CPU
		{2BA1919B-A5AB-4DE1-85E1-C53B87E70332}.Release|Any CPU.ActiveCfg = Release|Any CPU
		{2BA1919B-A5AB-4DE1-85E1-C53B87E70332}.Release|Any CPU.Build.0 = Release|Any CPU
		{32B7868B-08FD-4EEC-A7A8-8D7BA5895820}.Debug|Any CPU.ActiveCfg = Debug|Any CPU
		{32B7868B-08FD-4EEC-A7A8-8D7BA5895820}.Debug|Any CPU.Build.0 = Debug|Any CPU
		{32B7868B-08FD-4EEC-A7A8-8D7BA5895820}.Release|Any CPU.ActiveCfg = Release|Any CPU
		{32B7868B-08FD-4EEC-A7A8-8D7BA5895820}.Release|Any CPU.Build.0 = Release|Any CPU
		{81551294-6DDC-4E77-A137-8A5CAE04A956}.Debug|Any CPU.ActiveCfg = Debug|Any CPU
		{81551294-6DDC-4E77-A137-8A5CAE04A956}.Debug|Any CPU.Build.0 = Debug|Any CPU
		{81551294-6DDC-4E77-A137-8A5CAE04A956}.Release|Any CPU.ActiveCfg = Release|Any CPU
		{81551294-6DDC-4E77-A137-8A5CAE04A956}.Release|Any CPU.Build.0 = Release|Any CPU
		{76C17D4B-387C-4084-9FEF-7ED3DEC6BDCF}.Debug|Any CPU.ActiveCfg = Debug|Any CPU
		{76C17D4B-387C-4084-9FEF-7ED3DEC6BDCF}.Debug|Any CPU.Build.0 = Debug|Any CPU
		{76C17D4B-387C-4084-9FEF-7ED3DEC6BDCF}.Release|Any CPU.ActiveCfg = Release|Any CPU
		{76C17D4B-387C-4084-9FEF-7ED3DEC6BDCF}.Release|Any CPU.Build.0 = Release|Any CPU
	EndGlobalSection
	GlobalSection(SolutionProperties) = preSolution
		HideSolutionNode = FALSE
	EndGlobalSection
	GlobalSection(ExtensibilityGlobals) = postSolution
		SolutionGuid = {DC0ECC1B-E4C4-40C1-835B-CED4EB817183}
	EndGlobalSection
EndGlobal
